
Microsoft Visual Studio Solution File, Format Version 12.00
# Visual Studio Version 16
VisualStudioVersion = 16.0.31321.278
MinimumVisualStudioVersion = 10.0.40219.1
Project("{FAE04EC0-301F-11D3-BF4B-00C04F79EFBC}") = "OrganizationManagementTool.API", "OrganizationManagementTool.API\OrganizationManagementTool.API.csproj", "{71196E41-A4FC-4A2A-B2A7-30D3A31611D3}"
EndProject
Global
	GlobalSection(SolutionConfigurationPlatforms) = preSolution
		Debug|Any CPU = Debug|Any CPU
		Release|Any CPU = Release|Any CPU
	EndGlobalSection
	GlobalSection(ProjectConfigurationPlatforms) = postSolution
		{71196E41-A4FC-4A2A-B2A7-30D3A31611D3}.Debug|Any CPU.ActiveCfg = Debug|Any CPU
		{71196E41-A4FC-4A2A-B2A7-30D3A31611D3}.Debug|Any CPU.Build.0 = Debug|Any CPU
		{71196E41-A4FC-4A2A-B2A7-30D3A31611D3}.Release|Any CPU.ActiveCfg = Release|Any CPU
		{71196E41-A4FC-4A2A-B2A7-30D3A31611D3}.Release|Any CPU.Build.0 = Release|Any CPU
	EndGlobalSection
	GlobalSection(SolutionProperties) = preSolution
		HideSolutionNode = FALSE
	EndGlobalSection
	GlobalSection(ExtensibilityGlobals) = postSolution
		SolutionGuid = {8ACA461C-CCEF-4417-A2F7-52AC48B0EC1A}
	EndGlobalSection
EndGlobal
